{
    "_readme": [
        "This file locks the dependencies of your project to a known state",
        "Read more about it at https://getcomposer.org/doc/01-basic-usage.md#composer-lock-the-lock-file",
        "This file is @generated automatically"
    ],
    "content-hash": "01f031d2d08d19478d32657a837ec341",
    "packages": [
        {
            "name": "hoa/consistency",
            "version": "1.17.05.02",
            "source": {
                "type": "git",
                "url": "https://github.com/hoaproject/Consistency.git",
                "reference": "fd7d0adc82410507f332516faf655b6ed22e4c2f"
            },
            "dist": {
                "type": "zip",
                "url": "https://api.github.com/repos/hoaproject/Consistency/zipball/fd7d0adc82410507f332516faf655b6ed22e4c2f",
                "reference": "fd7d0adc82410507f332516faf655b6ed22e4c2f",
                "shasum": ""
            },
            "require": {
                "hoa/exception": "~1.0",
                "php": ">=5.5.0"
            },
            "require-dev": {
                "hoa/stream": "~1.0",
                "hoa/test": "~2.0"
            },
            "type": "library",
            "extra": {
                "branch-alias": {
                    "dev-master": "1.x-dev"
                }
            },
            "autoload": {
                "psr-4": {
                    "Hoa\\Consistency\\": "."
                },
                "files": [
                    "Prelude.php"
                ]
            },
            "notification-url": "https://packagist.org/downloads/",
            "license": [
                "BSD-3-Clause"
            ],
            "authors": [
                {
                    "name": "Ivan Enderlin",
                    "email": "ivan.enderlin@hoa-project.net"
                },
                {
                    "name": "Hoa community",
                    "homepage": "https://hoa-project.net/"
                }
            ],
            "description": "The Hoa\\Consistency library.",
            "homepage": "https://hoa-project.net/",
            "keywords": [
                "autoloader",
                "callable",
                "consistency",
                "entity",
                "flex",
                "keyword",
                "library"
            ],
            "time": "2017-05-02T12:18:12+00:00"
        },
        {
            "name": "hoa/event",
            "version": "1.17.01.13",
            "source": {
                "type": "git",
                "url": "https://github.com/hoaproject/Event.git",
                "reference": "6c0060dced212ffa3af0e34bb46624f990b29c54"
            },
            "dist": {
                "type": "zip",
                "url": "https://api.github.com/repos/hoaproject/Event/zipball/6c0060dced212ffa3af0e34bb46624f990b29c54",
                "reference": "6c0060dced212ffa3af0e34bb46624f990b29c54",
                "shasum": ""
            },
            "require": {
                "hoa/consistency": "~1.0",
                "hoa/exception": "~1.0"
            },
            "require-dev": {
                "hoa/test": "~2.0"
            },
            "type": "library",
            "extra": {
                "branch-alias": {
                    "dev-master": "1.x-dev"
                }
            },
            "autoload": {
                "psr-4": {
                    "Hoa\\Event\\": "."
                }
            },
            "notification-url": "https://packagist.org/downloads/",
            "license": [
                "BSD-3-Clause"
            ],
            "authors": [
                {
                    "name": "Ivan Enderlin",
                    "email": "ivan.enderlin@hoa-project.net"
                },
                {
                    "name": "Hoa community",
                    "homepage": "https://hoa-project.net/"
                }
            ],
            "description": "The Hoa\\Event library.",
            "homepage": "https://hoa-project.net/",
            "keywords": [
                "event",
                "library",
                "listener",
                "observer"
            ],
            "time": "2017-01-13T15:30:50+00:00"
        },
        {
            "name": "hoa/exception",
            "version": "1.17.01.16",
            "source": {
                "type": "git",
                "url": "https://github.com/hoaproject/Exception.git",
                "reference": "091727d46420a3d7468ef0595651488bfc3a458f"
            },
            "dist": {
                "type": "zip",
                "url": "https://api.github.com/repos/hoaproject/Exception/zipball/091727d46420a3d7468ef0595651488bfc3a458f",
                "reference": "091727d46420a3d7468ef0595651488bfc3a458f",
                "shasum": ""
            },
            "require": {
                "hoa/consistency": "~1.0",
                "hoa/event": "~1.0"
            },
            "require-dev": {
                "hoa/test": "~2.0"
            },
            "type": "library",
            "extra": {
                "branch-alias": {
                    "dev-master": "1.x-dev"
                }
            },
            "autoload": {
                "psr-4": {
                    "Hoa\\Exception\\": "."
                }
            },
            "notification-url": "https://packagist.org/downloads/",
            "license": [
                "BSD-3-Clause"
            ],
            "authors": [
                {
                    "name": "Ivan Enderlin",
                    "email": "ivan.enderlin@hoa-project.net"
                },
                {
                    "name": "Hoa community",
                    "homepage": "https://hoa-project.net/"
                }
            ],
            "description": "The Hoa\\Exception library.",
            "homepage": "https://hoa-project.net/",
            "keywords": [
                "exception",
                "library"
            ],
            "time": "2017-01-16T07:53:27+00:00"
        },
        {
            "name": "hoa/http",
            "version": "1.17.01.13",
            "source": {
                "type": "git",
                "url": "https://github.com/hoaproject/Http.git",
                "reference": "6d3e114b48a63cf6b9532f9e9607cebade6314ef"
            },
            "dist": {
                "type": "zip",
                "url": "https://api.github.com/repos/hoaproject/Http/zipball/6d3e114b48a63cf6b9532f9e9607cebade6314ef",
                "reference": "6d3e114b48a63cf6b9532f9e9607cebade6314ef",
                "shasum": ""
            },
            "require": {
                "hoa/consistency": "~1.0",
                "hoa/exception": "~1.0",
                "hoa/stream": "~1.0"
            },
            "type": "library",
            "extra": {
                "branch-alias": {
                    "dev-master": "1.x-dev"
                }
            },
            "autoload": {
                "psr-4": {
                    "Hoa\\Http\\": "."
                }
            },
            "notification-url": "https://packagist.org/downloads/",
            "license": [
                "BSD-3-Clause"
            ],
            "authors": [
                {
                    "name": "Ivan Enderlin",
                    "email": "ivan.enderlin@hoa-project.net"
                },
                {
                    "name": "Hoa community",
                    "homepage": "https://hoa-project.net/"
                }
            ],
            "description": "The Hoa\\Http library.",
            "homepage": "https://hoa-project.net/",
            "keywords": [
                "http",
                "library",
                "request",
                "response",
                "rfc2295",
                "rfc2324",
                "rfc2518",
                "rfc2774",
                "rfc3229",
                "rfc4918",
                "rfc5842",
                "rfc6585",
                "rfc7231",
                "rfc7232",
                "rfc7233",
                "rfc7235",
                "rfc7237",
                "runtime"
            ],
            "time": "2017-01-13T15:28:17+00:00"
        },
        {
            "name": "hoa/protocol",
            "version": "1.17.01.14",
            "source": {
                "type": "git",
                "url": "https://github.com/hoaproject/Protocol.git",
                "reference": "5c2cf972151c45f373230da170ea015deecf19e2"
            },
            "dist": {
                "type": "zip",
                "url": "https://api.github.com/repos/hoaproject/Protocol/zipball/5c2cf972151c45f373230da170ea015deecf19e2",
                "reference": "5c2cf972151c45f373230da170ea015deecf19e2",
                "shasum": ""
            },
            "require": {
                "hoa/consistency": "~1.0",
                "hoa/exception": "~1.0"
            },
            "require-dev": {
                "hoa/test": "~2.0"
            },
            "type": "library",
            "extra": {
                "branch-alias": {
                    "dev-master": "1.x-dev"
                }
            },
            "autoload": {
                "psr-4": {
                    "Hoa\\Protocol\\": "."
                },
                "files": [
                    "Wrapper.php"
                ]
            },
            "notification-url": "https://packagist.org/downloads/",
            "license": [
                "BSD-3-Clause"
            ],
            "authors": [
                {
                    "name": "Ivan Enderlin",
                    "email": "ivan.enderlin@hoa-project.net"
                },
                {
                    "name": "Hoa community",
                    "homepage": "https://hoa-project.net/"
                }
            ],
            "description": "The Hoa\\Protocol library.",
            "homepage": "https://hoa-project.net/",
            "keywords": [
                "library",
                "protocol",
                "resource",
                "stream",
                "wrapper"
            ],
            "time": "2017-01-14T12:26:10+00:00"
        },
        {
            "name": "hoa/socket",
            "version": "1.17.05.16",
            "source": {
                "type": "git",
                "url": "https://github.com/hoaproject/Socket.git",
                "reference": "1a43f073d910d0f803de8cc9256779db1027906d"
            },
            "dist": {
                "type": "zip",
                "url": "https://api.github.com/repos/hoaproject/Socket/zipball/1a43f073d910d0f803de8cc9256779db1027906d",
                "reference": "1a43f073d910d0f803de8cc9256779db1027906d",
                "shasum": ""
            },
            "require": {
                "hoa/consistency": "~1.0",
                "hoa/exception": "~1.0",
                "hoa/stream": "~1.0"
            },
            "require-dev": {
                "hoa/test": "~2.0"
            },
            "type": "library",
            "extra": {
                "branch-alias": {
                    "dev-master": "1.x-dev"
                }
            },
            "autoload": {
                "psr-4": {
                    "Hoa\\Socket\\": "."
                }
            },
            "notification-url": "https://packagist.org/downloads/",
            "license": [
                "BSD-3-Clause"
            ],
            "authors": [
                {
                    "name": "Ivan Enderlin",
                    "email": "ivan.enderlin@hoa-project.net"
                },
                {
                    "name": "Hoa community",
                    "homepage": "https://hoa-project.net/"
                }
            ],
            "description": "The Hoa\\Socket library.",
            "homepage": "https://hoa-project.net/",
            "keywords": [
                "Socket",
                "client",
                "library",
                "node",
                "server",
                "tcp",
                "udp"
            ],
            "time": "2017-05-16T07:55:41+00:00"
        },
        {
            "name": "hoa/stream",
            "version": "1.17.02.21",
            "source": {
                "type": "git",
                "url": "https://github.com/hoaproject/Stream.git",
                "reference": "3293cfffca2de10525df51436adf88a559151d82"
            },
            "dist": {
                "type": "zip",
                "url": "https://api.github.com/repos/hoaproject/Stream/zipball/3293cfffca2de10525df51436adf88a559151d82",
                "reference": "3293cfffca2de10525df51436adf88a559151d82",
                "shasum": ""
            },
            "require": {
                "hoa/consistency": "~1.0",
                "hoa/event": "~1.0",
                "hoa/exception": "~1.0",
                "hoa/protocol": "~1.0"
            },
            "require-dev": {
                "hoa/test": "~2.0"
            },
            "type": "library",
            "extra": {
                "branch-alias": {
                    "dev-master": "1.x-dev"
                }
            },
            "autoload": {
                "psr-4": {
                    "Hoa\\Stream\\": "."
                }
            },
            "notification-url": "https://packagist.org/downloads/",
            "license": [
                "BSD-3-Clause"
            ],
            "authors": [
                {
                    "name": "Ivan Enderlin",
                    "email": "ivan.enderlin@hoa-project.net"
                },
                {
                    "name": "Hoa community",
                    "homepage": "https://hoa-project.net/"
                }
            ],
            "description": "The Hoa\\Stream library.",
            "homepage": "https://hoa-project.net/",
            "keywords": [
                "Context",
                "bucket",
                "composite",
                "filter",
                "in",
                "library",
                "out",
                "protocol",
                "stream",
                "wrapper"
            ],
            "time": "2017-02-21T16:01:06+00:00"
        },
        {
            "name": "hoa/websocket",
            "version": "3.16.10.24",
            "source": {
                "type": "git",
                "url": "https://github.com/hoaproject/Websocket.git",
                "reference": "45133bba9dc0252ae398be8df049332223e05a02"
            },
            "dist": {
                "type": "zip",
                "url": "https://api.github.com/repos/hoaproject/Websocket/zipball/45133bba9dc0252ae398be8df049332223e05a02",
                "reference": "45133bba9dc0252ae398be8df049332223e05a02",
                "shasum": ""
            },
            "require": {
                "hoa/consistency": "~1.0",
                "hoa/event": "~1.0",
                "hoa/exception": "~1.0",
                "hoa/http": "~1.0",
                "hoa/socket": "~1.0"
            },
            "require-dev": {
                "ext-iconv": "*",
                "hoa/test": "~2.0"
            },
            "suggest": {
                "ext-openssl": "To get a better security when exchanging messages."
            },
            "type": "library",
            "extra": {
                "branch-alias": {
                    "dev-master": "3.x-dev"
                }
            },
            "autoload": {
                "psr-4": {
                    "Hoa\\Websocket\\": "."
                },
                "files": [
                    "Socket.php"
                ]
            },
            "notification-url": "https://packagist.org/downloads/",
            "license": [
                "BSD-3-Clause"
            ],
            "authors": [
                {
                    "name": "Ivan Enderlin",
                    "email": "ivan.enderlin@hoa-project.net"
                },
                {
                    "name": "Hoa community",
                    "homepage": "https://hoa-project.net/"
                }
            ],
            "description": "The Hoa\\Websocket library.",
            "homepage": "https://hoa-project.net/",
            "keywords": [
                "Socket",
                "client",
                "hybi",
                "library",
                "realtime",
                "rfc3629",
                "rfc3986",
                "rfc6455",
                "server",
                "websocket"
            ],
            "time": "2016-10-24T13:29:50+00:00"
        },
        {
            "name": "mike42/escpos-php",
            "version": "v1.5.2",
            "source": {
                "type": "git",
                "url": "https://github.com/mike42/escpos-php.git",
                "reference": "bb24755ef3d444fcc7aa6af70bd8967fc391d760"
            },
            "dist": {
                "type": "zip",
                "url": "https://api.github.com/repos/mike42/escpos-php/zipball/bb24755ef3d444fcc7aa6af70bd8967fc391d760",
                "reference": "bb24755ef3d444fcc7aa6af70bd8967fc391d760",
                "shasum": ""
            },
            "require": {
                "ext-mbstring": "*",
                "php": ">=5.3.9"
            },
            "require-dev": {
                "guzzlehttp/guzzle": "~3.0|~4.0|~5.0|~6.0",
                "phpunit/phpunit": "4.8.*",
                "squizlabs/php_codesniffer": "2.*"
            },
            "suggest": {
                "ext-gd": "Used for image printing if present.",
                "ext-imagick": "Will be used for image printing if present. Required for PDF printing or use of custom fonts.",
                "guzzlehttp/guzzle": "Allows the use of the ApiConnector to send print jobs over HTTP."
            },
            "type": "library",
            "autoload": {
                "psr-4": {
                    "Mike42\\": "src/Mike42"
                }
            },
            "notification-url": "https://packagist.org/downloads/",
            "license": [
                "MIT"
            ],
            "authors": [
                {
                    "name": "Michael Billington",
                    "email": "michael.billington@gmail.com"
                }
            ],
            "description": "PHP receipt printer library for use with ESC/POS-compatible thermal and impact printers",
            "homepage": "https://github.com/mike42/escpos-php",
            "keywords": [
                "ESC-POS",
                "driver",
                "escpos",
                "print",
                "receipt"
            ],
            "time": "2017-05-18T10:29:56+00:00"
        }
    ],
    "packages-dev": [],
    "aliases": [],
    "minimum-stability": "stable",
    "stability-flags": [],
    "prefer-stable": false,
    "prefer-lowest": false,
    "platform": {
        "php": ">=5.4.0"
    },
    "platform-dev": []
}
